
Microsoft Visual Studio Solution File, Format Version 12.00
# Visual Studio 15
VisualStudioVersion = 15.0.28010.2050
MinimumVisualStudioVersion = 10.0.40219.1
Project("{FAE04EC0-301F-11D3-BF4B-00C04F79EFBC}") = "GroupeA07", "GroupeA07\GroupeA07.csproj", "{D564C730-EB93-4123-99EC-6C8105559397}"
EndProject
Global
	GlobalSection(SolutionConfigurationPlatforms) = preSolution
		Debug|Any CPU = Debug|Any CPU
		Release|Any CPU = Release|Any CPU
	EndGlobalSection
	GlobalSection(ProjectConfigurationPlatforms) = postSolution
		{D564C730-EB93-4123-99EC-6C8105559397}.Debug|Any CPU.ActiveCfg = Debug|Any CPU
		{D564C730-EB93-4123-99EC-6C8105559397}.Debug|Any CPU.Build.0 = Debug|Any CPU
		{D564C730-EB93-4123-99EC-6C8105559397}.Release|Any CPU.ActiveCfg = Release|Any CPU
		{D564C730-EB93-4123-99EC-6C8105559397}.Release|Any CPU.Build.0 = Release|Any CPU
	EndGlobalSection
	GlobalSection(SolutionProperties) = preSolution
		HideSolutionNode = FALSE
	EndGlobalSection
	GlobalSection(ExtensibilityGlobals) = postSolution
		SolutionGuid = {5A768216-81E1-42D9-AEB6-90E65EEE74EE}
	EndGlobalSection
EndGlobal
